
Microsoft Visual Studio Solution File, Format Version 12.00
# Visual Studio 15
Project("{FAE04EC0-301F-11D3-BF4B-00C04F79EFBC}") = "Assembly-CSharp", "Assembly-CSharp.csproj", "{29922C98-4034-F2B5-C035-44F6B9F6B806}"
EndProject
Project("{FAE04EC0-301F-11D3-BF4B-00C04F79EFBC}") = "Assembly-CSharp-firstpass", "Assembly-CSharp-firstpass.csproj", "{426E8EDF-C786-1891-92DF-2FD163C3862C}"
EndProject
Project("{FAE04EC0-301F-11D3-BF4B-00C04F79EFBC}") = "Assembly-CSharp-Editor-firstpass", "Assembly-CSharp-Editor-firstpass.csproj", "{E0CF8C48-77F7-B3BD-C4D2-40018A59819D}"
EndProject
Global
	GlobalSection(SolutionConfigurationPlatforms) = preSolution
		Debug|Any CPU = Debug|Any CPU
		Release|Any CPU = Release|Any CPU
	EndGlobalSection
	GlobalSection(ProjectConfigurationPlatforms) = postSolution
		{29922C98-4034-F2B5-C035-44F6B9F6B806}.Debug|Any CPU.ActiveCfg = Debug|Any CPU
		{29922C98-4034-F2B5-C035-44F6B9F6B806}.Debug|Any CPU.Build.0 = Debug|Any CPU
		{29922C98-4034-F2B5-C035-44F6B9F6B806}.Release|Any CPU.ActiveCfg = Release|Any CPU
		{29922C98-4034-F2B5-C035-44F6B9F6B806}.Release|Any CPU.Build.0 = Release|Any CPU
		{426E8EDF-C786-1891-92DF-2FD163C3862C}.Debug|Any CPU.ActiveCfg = Debug|Any CPU
		{426E8EDF-C786-1891-92DF-2FD163C3862C}.Debug|Any CPU.Build.0 = Debug|Any CPU
		{426E8EDF-C786-1891-92DF-2FD163C3862C}.Release|Any CPU.ActiveCfg = Release|Any CPU
		{426E8EDF-C786-1891-92DF-2FD163C3862C}.Release|Any CPU.Build.0 = Release|Any CPU
		{E0CF8C48-77F7-B3BD-C4D2-40018A59819D}.Debug|Any CPU.ActiveCfg = Debug|Any CPU
		{E0CF8C48-77F7-B3BD-C4D2-40018A59819D}.Debug|Any CPU.Build.0 = Debug|Any CPU
		{E0CF8C48-77F7-B3BD-C4D2-40018A59819D}.Release|Any CPU.ActiveCfg = Release|Any CPU
		{E0CF8C48-77F7-B3BD-C4D2-40018A59819D}.Release|Any CPU.Build.0 = Release|Any CPU
	EndGlobalSection
	GlobalSection(SolutionProperties) = preSolution
		HideSolutionNode = FALSE
	EndGlobalSection
EndGlobal
